
Microsoft Visual Studio Solution File, Format Version 12.00
# Visual Studio Version 17
VisualStudioVersion = 17.5.33530.505
MinimumVisualStudioVersion = 10.0.40219.1
Project("{FAE04EC0-301F-11D3-BF4B-00C04F79EFBC}") = "AppMvcBasica", "AppMvcBasica\AppMvcBasica.csproj", "{3E1A1EE4-1443-4FC2-BE6A-6C6484304585}"
EndProject
Global
	GlobalSection(SolutionConfigurationPlatforms) = preSolution
		Debug|Any CPU = Debug|Any CPU
		Release|Any CPU = Release|Any CPU
	EndGlobalSection
	GlobalSection(ProjectConfigurationPlatforms) = postSolution
		{3E1A1EE4-1443-4FC2-BE6A-6C6484304585}.Debug|Any CPU.ActiveCfg = Debug|Any CPU
		{3E1A1EE4-1443-4FC2-BE6A-6C6484304585}.Debug|Any CPU.Build.0 = Debug|Any CPU
		{3E1A1EE4-1443-4FC2-BE6A-6C6484304585}.Release|Any CPU.ActiveCfg = Release|Any CPU
		{3E1A1EE4-1443-4FC2-BE6A-6C6484304585}.Release|Any CPU.Build.0 = Release|Any CPU
	EndGlobalSection
	GlobalSection(SolutionProperties) = preSolution
		HideSolutionNode = FALSE
	EndGlobalSection
	GlobalSection(ExtensibilityGlobals) = postSolution
		SolutionGuid = {56406ECD-B0DF-4FDF-BCB3-0EA64CFF3439}
	EndGlobalSection
EndGlobal
